# THIS IS AN AUTOGENERATED FILE. DO NOT EDIT THIS FILE DIRECTLY.
# yarn lockfile v1


"@babel/runtime@^7.0.0", "@babel/runtime@^7.12.0":
  version "7.17.9"
  resolved "https://registry.yarnpkg.com/@babel/runtime/-/runtime-7.17.9.tgz#d19fbf802d01a8cb6cf053a64e472d42c434ba72"
  integrity sha512-lSiBBvodq29uShpWGNbgFdKYNiFDo5/HIYsaCEY9ff4sb10x9jizo2+pRrSyF4jKZCXqgzuqBOQKbUm90gQwJg==
  dependencies:
    regenerator-runtime "^0.13.4"

"@luma.gl/constants@8.5.10":
  version "8.5.10"
  resolved "https://registry.yarnpkg.com/@luma.gl/constants/-/constants-8.5.10.tgz#dd8b5ed786e372582a1a28e79c20481e363b4b50"
  integrity sha512-0OZnNbb8hF+ogr/Exr5KFEnSMQdCgjrbO2ZYeNIGO0UVMTu4oTSLfRcBxKUs1NzxG5RogyV8dL6ETQbkP5VAZw==

"@luma.gl/engine@^8.5.10":
  version "8.5.10"
  resolved "https://registry.yarnpkg.com/@luma.gl/engine/-/engine-8.5.10.tgz#4e8cdd8ffb0bd5e13e4e521f4e0b05c21a9805a6"
  integrity sha512-W3cPlabMl1g6dfAio4yGD9GohoMULXqsBm9P9WOh0KypQBw5pFlE2C/njY43YhfvnpMPDMUjjraYrEXa1fhaig==
  dependencies:
    "@babel/runtime" "^7.0.0"
    "@luma.gl/constants" "8.5.10"
    "@luma.gl/gltools" "8.5.10"
    "@luma.gl/shadertools" "8.5.10"
    "@luma.gl/webgl" "8.5.10"
    "@math.gl/core" "^3.5.0"
    probe.gl "^3.4.0"

"@luma.gl/gltools@8.5.10":
  version "8.5.10"
  resolved "https://registry.yarnpkg.com/@luma.gl/gltools/-/gltools-8.5.10.tgz#be47f64f215d97e8d5896ab14060078bd04fd12e"
  integrity sha512-XQFocLXvSYfkW2xL1I50nYrPwgyt1jvmzmood3RQBQMiBcgU1JFW2w4tU+V/C5QXcAWWVzm8aIBkuQsCo34zrQ==
  dependencies:
    "@babel/runtime" "^7.0.0"
    "@luma.gl/constants" "8.5.10"
    probe.gl "^3.4.0"

"@luma.gl/shadertools@8.5.10":
  version "8.5.10"
  resolved "https://registry.yarnpkg.com/@luma.gl/shadertools/-/shadertools-8.5.10.tgz#37a22f99298f917a2bddf4452f04eaec7066bf27"
  integrity sha512-Va/e7fHFI7ZWu03obtNlXN7noIUF1u9U3Pm6PVqeVi3Z24yWl/pFbb5/O1gn66LQZF6fpwoLGN7m4NGk2YyHyA==
  dependencies:
    "@babel/runtime" "^7.0.0"
    "@math.gl/core" "^3.5.0"

"@luma.gl/webgl@8.5.10", "@luma.gl/webgl@^8.5.10":
  version "8.5.10"
  resolved "https://registry.yarnpkg.com/@luma.gl/webgl/-/webgl-8.5.10.tgz#8e39137978692c5695a2138a403837ad51a780a2"
  integrity sha512-8cCJ6aoKmVKvrYoPC6G1jHqMsfTGyn50YMmRkrk2Q79nBe531LZr+6EYXlqx2+AR9obKwTnhTPlxjKg5gR4rYg==
  dependencies:
    "@babel/runtime" "^7.0.0"
    "@luma.gl/constants" "8.5.10"
    "@luma.gl/gltools" "8.5.10"
    probe.gl "^3.4.0"

"@math.gl/core@^3.5.0":
  version "3.5.7"
  resolved "https://registry.yarnpkg.com/@math.gl/core/-/core-3.5.7.tgz#41145f214c36f20a6bf32e4c25551e97c6828e99"
  integrity sha512-EtMS3Nzv//nc6gAVcmvVsZAkf8+sVNruPcWEaBh95h82T7GroMLLf1WBgOhtOBOvCh6vInxjcYDsJOn7RY5oqg==
  dependencies:
    "@babel/runtime" "^7.12.0"
    gl-matrix "~3.3.0"

"@probe.gl/env@3.5.0":
  version "3.5.0"
  resolved "https://registry.yarnpkg.com/@probe.gl/env/-/env-3.5.0.tgz#c6d8fbf414fda3eba7b3813cc274e76245216fe0"
  integrity sha512-YdlpZZshhyYxvWDBmZ5RIW2pTR14Pw4p9czMlt/v7F6HbFzWfAdmH7q6xVwFRYxUpQLwhWensWyv4aFysiWl4g==
  dependencies:
    "@babel/runtime" "^7.0.0"

"@probe.gl/log@3.5.0":
  version "3.5.0"
  resolved "https://registry.yarnpkg.com/@probe.gl/log/-/log-3.5.0.tgz#6589822ab771eadf77787ffc6ecf73e59d181c64"
  integrity sha512-nW/qz2X1xY08WU/TsmJP6/6IPNcaY5fS/vLjpC4ahJuE2Mezga4hGM/R2X5JWE/nkPc+BsC5GnAnD13rwAxS7g==
  dependencies:
    "@babel/runtime" "^7.0.0"
    "@probe.gl/env" "3.5.0"

"@probe.gl/stats@3.5.0":
  version "3.5.0"
  resolved "https://registry.yarnpkg.com/@probe.gl/stats/-/stats-3.5.0.tgz#774495772f06e898aae28c1d315c9edac07f3425"
  integrity sha512-IH2M+F3c8HR1DTroBARePUFG7wIewumtKA0UFqx51Z7S4hKrD60wFbpMmg0AcF4FvHAXMBoC+kYi1UKW9XbAOw==
  dependencies:
    "@babel/runtime" "^7.0.0"

gl-matrix@~3.3.0:
  version "3.3.0"
  resolved "https://registry.yarnpkg.com/gl-matrix/-/gl-matrix-3.3.0.tgz#232eef60b1c8b30a28cbbe75b2caf6c48fd6358b"
  integrity sha512-COb7LDz+SXaHtl/h4LeaFcNdJdAQSDeVqjiIihSXNrkWObZLhDI4hIkZC11Aeqp7bcE72clzB0BnDXr2SmslRA==

probe.gl@^3.4.0:
  version "3.5.0"
  resolved "https://registry.yarnpkg.com/probe.gl/-/probe.gl-3.5.0.tgz#084c0ef3a233e1c055cd8a88efb67abb11eba483"
  integrity sha512-KWj8u0PNytr/rVwcQFcN7O8SK7n/ITOsUZ91l4fSX95oHhKvVCI7eadrzFUzFRlXkFfBWpMWZXFHITsHHHUctw==
  dependencies:
    "@babel/runtime" "^7.0.0"
    "@probe.gl/env" "3.5.0"
    "@probe.gl/log" "3.5.0"
    "@probe.gl/stats" "3.5.0"

regenerator-runtime@^0.13.4:
  version "0.13.9"
  resolved "https://registry.yarnpkg.com/regenerator-runtime/-/regenerator-runtime-0.13.9.tgz#8925742a98ffd90814988d7566ad30ca3b263b52"
  integrity sha512-p3VT+cOEgxFsRRA9X4lkI1E+k2/CtnKtU4gcxyaCUreilL/vqI6CdZ3wxVUx3UOUg+gnUOQQcRI7BmSI656MYA==
